cloud.google.com/go v0.115.1 h1:Jo0SM9cQnSkYfp44+v+NQXHpcHqlnRJk2qxh6yvxxxQ=
cloud.google.com/go v0.115.1/go.mod h1:DuujITeaufu3gL68/lOFIirVNJwQeyf5UXyi+Wbgknc=
github.com/MakeNowJust/heredoc/v2 v2.0.1 h1:rlCHh70XXXv7toz95ajQWOWQnN4WNLt0TdpZYIR/J6A=
github.com/MakeNowJust/heredoc/v2 v2.0.1/go.mod h1:6/2Abh5s+hc3g9nbWLe9ObDIOhaRrqsyY9MWy+4JdRM=
github.com/cloudspannerecosystem/memefish v0.0.0-20240821055308-7005cc7f352c h1:zmKFVILVaNx8Rl4LadX1//Ui+/5sIAy5bL6qurkvndc=
github.com/cloudspannerecosystem/memefish v0.0.0-20240821055308-7005cc7f352c/go.mod h1:Q40NmYZbmaw9ay7p94ng9NNBuX1N+4OK3cSjN4q5tPM=
github.com/cloudspannerecosystem/memefish v0.0.0-20241020080528-90f4dcb4e440 h1:NFWG01vjSZaveIyNHG12Qz2t531PlLQfMRoBDJ80G2U=
github.com/cloudspannerecosystem/memefish v0.0.0-20241020080528-90f4dcb4e440/go.mod h1:A3kg33HoLP0687AgabrwhnXBN8nx96ki2qJ3MisirOM=
github.com/cloudspannerecosystem/memefish v0.0.0-20241021065449-c03c4deee355 h1:0IVjalm7Bmm+4jfh28C9AlquECTZEMRh8CuU/uaRGqQ=
github.com/cloudspannerecosystem/memefish v0.0.0-20241021065449-c03c4deee355/go.mod h1:A3kg33HoLP0687AgabrwhnXBN8nx96ki2qJ3MisirOM=
github.com/google/go-cmp v0.6.0 h1:ofyhxvXcZhMsU5ulbFiLKl/XBFqE1GSq7atu8tAmTRI=
github.com/google/go-cmp v0.6.0/go.mod h1:17dUlkBOakJ0+DkrSSNjCkIjxS6bF9zb3elmeNGIjoY=
github.com/k0kubun/pp v1.3.1-0.20200204103551-99835366d1cc h1:XLjmW07gT7cG/wb6mavIrvAIWBYaTacPo8UOnxGSspA=
github.com/k0kubun/pp v1.3.1-0.20200204103551-99835366d1cc/go.mod h1:qK2ivXw91omfE1uXcpR5kWbAMZRdDOnGbqWlZ7reRFk=
github.com/mattn/go-colorable v0.1.4 h1:snbPLB8fVfU9iwbbo30TPtbLRzwWu6aJS6Xh4eaaviA=
github.com/mattn/go-colorable v0.1.4/go.mod h1:U0ppj6V5qS13XJ6of8GYAs25YV2eR4EVcfRqFIhoBtE=
github.com/mattn/go-isatty v0.0.12 h1:wuysRhFDzyxgEmMf5xjvJ2M9dZoWAXNNr5LSBS7uHXY=
github.com/mattn/go-isatty v0.0.12/go.mod h1:cbi8OIDigv2wuxKPP5vlRcQ1OAZbq2CE4Kysco4FUpU=
github.com/pmezard/go-difflib v1.0.0 h1:4DBwDE0NGyQoBHbLQYPwSUPoCMWR5BEzIk/f1lZbAQM=
github.com/pmezard/go-difflib v1.0.0/go.mod h1:iKH77koFhYxTK1pcRnkKkqfTogsbg7gZNVY4sRDYZ/4=
golang.org/x/sys v0.22.0 h1:RI27ohtqKCnwULzJLqkv897zojh5/DwS/ENaMzUOaWI=
golang.org/x/sys v0.22.0/go.mod h1:/VUhepiaJMQUp4+oa/7Zr1D23ma6VTLIYjOOTFZPUcA=
